
Microsoft Visual Studio Solution File, Format Version 12.00
# Visual Studio Version 16
VisualStudioVersion = 16.0.31727.386
MinimumVisualStudioVersion = 10.0.40219.1
Project("{9A19103F-16F7-4668-BE54-9A1E7A4F7556}") = "Calculator", "Calculator\Calculator.csproj", "{688B0633-5985-4859-9BAC-4856A2DFD297}"
EndProject
Project("{FAE04EC0-301F-11D3-BF4B-00C04F79EFBC}") = "CalculatorLogic", "CalculatorLogic\CalculatorLogic.csproj", "{093EE878-2781-472E-9D4E-0E7F84073BEA}"
EndProject
Project("{FAE04EC0-301F-11D3-BF4B-00C04F79EFBC}") = "CalculatorTests", "CalculatorTests\CalculatorTests.csproj", "{D97ADC3A-6B8C-4A5C-9873-42C77676E667}"
EndProject
Global
	GlobalSection(SolutionConfigurationPlatforms) = preSolution
		Debug|Any CPU = Debug|Any CPU
		Release|Any CPU = Release|Any CPU
	EndGlobalSection
	GlobalSection(ProjectConfigurationPlatforms) = postSolution
		{688B0633-5985-4859-9BAC-4856A2DFD297}.Debug|Any CPU.ActiveCfg = Debug|Any CPU
		{688B0633-5985-4859-9BAC-4856A2DFD297}.Debug|Any CPU.Build.0 = Debug|Any CPU
		{688B0633-5985-4859-9BAC-4856A2DFD297}.Release|Any CPU.ActiveCfg = Release|Any CPU
		{688B0633-5985-4859-9BAC-4856A2DFD297}.Release|Any CPU.Build.0 = Release|Any CPU
		{093EE878-2781-472E-9D4E-0E7F84073BEA}.Debug|Any CPU.ActiveCfg = Debug|Any CPU
		{093EE878-2781-472E-9D4E-0E7F84073BEA}.Debug|Any CPU.Build.0 = Debug|Any CPU
		{093EE878-2781-472E-9D4E-0E7F84073BEA}.Release|Any CPU.ActiveCfg = Release|Any CPU
		{093EE878-2781-472E-9D4E-0E7F84073BEA}.Release|Any CPU.Build.0 = Release|Any CPU
		{D97ADC3A-6B8C-4A5C-9873-42C77676E667}.Debug|Any CPU.ActiveCfg = Debug|Any CPU
		{D97ADC3A-6B8C-4A5C-9873-42C77676E667}.Debug|Any CPU.Build.0 = Debug|Any CPU
		{D97ADC3A-6B8C-4A5C-9873-42C77676E667}.Release|Any CPU.ActiveCfg = Release|Any CPU
		{D97ADC3A-6B8C-4A5C-9873-42C77676E667}.Release|Any CPU.Build.0 = Release|Any CPU
	EndGlobalSection
	GlobalSection(SolutionProperties) = preSolution
		HideSolutionNode = FALSE
	EndGlobalSection
	GlobalSection(ExtensibilityGlobals) = postSolution
		SolutionGuid = {9D482F96-0347-4BA1-A8C4-66171DDD39AC}
	EndGlobalSection
EndGlobal
